
Microsoft Visual Studio Solution File, Format Version 12.00
# Visual Studio 15
VisualStudioVersion = 15.0.26730.3
MinimumVisualStudioVersion = 10.0.40219.1
Project("{2150E333-8FDC-42A3-9474-1A3956D46DE8}") = "Tests", "Tests", "{D8B13BC2-2375-45AA-9B7A-61DE73F0B519}"
EndProject
Project("{FAE04EC0-301F-11D3-BF4B-00C04F79EFBC}") = "MDPGen.Core", "MDPGen.Core\MDPGen.Core.csproj", "{4D80F6FC-C9E8-446C-9CEC-56AB8BC4F7D1}"
EndProject
Project("{FAE04EC0-301F-11D3-BF4B-00C04F79EFBC}") = "XamU.SGL.Extensions", "Extensions\XamU.SGL.Extensions\XamU.SGL.Extensions.csproj", "{5ACFDF45-F079-4C7B-A916-ACDFD8D76A7E}"
EndProject
Project("{FAE04EC0-301F-11D3-BF4B-00C04F79EFBC}") = "SGLMonitor", "SGLMonitor\SGLMonitor.csproj", "{88E8DD09-FA59-4434-B6FD-0E81A3CE110D}"
EndProject
Project("{2150E333-8FDC-42A3-9474-1A3956D46DE8}") = "Extensions", "Extensions", "{EC60D329-2450-4EA7-BE0D-AC83405EA672}"
EndProject
Project("{FAE04EC0-301F-11D3-BF4B-00C04F79EFBC}") = "XamU.Slide.Extensions", "Extensions\XamU.Slide.Extensions\XamU.Slide.Extensions.csproj", "{34F3BD7E-74BE-42C3-9B43-4803FD3F61E1}"
EndProject
Project("{FAE04EC0-301F-11D3-BF4B-00C04F79EFBC}") = "MDPGen.Core.UnitTests", "Tests\MDPGen.Core.UnitTests\MDPGen.Core.UnitTests.csproj", "{14BC1919-B4D8-4302-BA5D-5A9D39546E1D}"
EndProject
Project("{FAE04EC0-301F-11D3-BF4B-00C04F79EFBC}") = "XamU.SGL.Extensions.UnitTests", "Tests\XamU.SGL.Extensions.UnitTests\XamU.SGL.Extensions.UnitTests.csproj", "{E787C07B-9D86-42D7-820A-A4D7BD41753F}"
EndProject
Project("{FAE04EC0-301F-11D3-BF4B-00C04F79EFBC}") = "XamU.Slide.Extensions.UnitTests", "Tests\XamU.Slide.Extensions.UnitTests\XamU.Slide.Extensions.UnitTests.csproj", "{2437BF44-395C-42EF-A837-C9315262A55E}"
EndProject
Project("{FAE04EC0-301F-11D3-BF4B-00C04F79EFBC}") = "MDPGen", "MDPGen\MDPGen.csproj", "{E1A23FA0-247E-44A7-8883-6ADA53AFC421}"
EndProject
Project("{2150E333-8FDC-42A3-9474-1A3956D46DE8}") = "Tests", "Tests", "{09CCE174-49BD-4591-B5E9-D0BDD72465B2}"
EndProject
Global
	GlobalSection(SolutionConfigurationPlatforms) = preSolution
		Debug|Any CPU = Debug|Any CPU
		Debug|ARM = Debug|ARM
		Debug|x64 = Debug|x64
		Debug|x86 = Debug|x86
		Release|Any CPU = Release|Any CPU
		Release|ARM = Release|ARM
		Release|x64 = Release|x64
		Release|x86 = Release|x86
	EndGlobalSection
	GlobalSection(ProjectConfigurationPlatforms) = postSolution
		{4D80F6FC-C9E8-446C-9CEC-56AB8BC4F7D1}.Debug|Any CPU.ActiveCfg = Debug|Any CPU
		{4D80F6FC-C9E8-446C-9CEC-56AB8BC4F7D1}.Debug|Any CPU.Build.0 = Debug|Any CPU
		{4D80F6FC-C9E8-446C-9CEC-56AB8BC4F7D1}.Debug|ARM.ActiveCfg = Debug|Any CPU
		{4D80F6FC-C9E8-446C-9CEC-56AB8BC4F7D1}.Debug|ARM.Build.0 = Debug|Any CPU
		{4D80F6FC-C9E8-446C-9CEC-56AB8BC4F7D1}.Debug|x64.ActiveCfg = Debug|Any CPU
		{4D80F6FC-C9E8-446C-9CEC-56AB8BC4F7D1}.Debug|x64.Build.0 = Debug|Any CPU
		{4D80F6FC-C9E8-446C-9CEC-56AB8BC4F7D1}.Debug|x86.ActiveCfg = Debug|Any CPU
		{4D80F6FC-C9E8-446C-9CEC-56AB8BC4F7D1}.Debug|x86.Build.0 = Debug|Any CPU
		{4D80F6FC-C9E8-446C-9CEC-56AB8BC4F7D1}.Release|Any CPU.ActiveCfg = Release|Any CPU
		{4D80F6FC-C9E8-446C-9CEC-56AB8BC4F7D1}.Release|Any CPU.Build.0 = Release|Any CPU
		{4D80F6FC-C9E8-446C-9CEC-56AB8BC4F7D1}.Release|ARM.ActiveCfg = Release|Any CPU
		{4D80F6FC-C9E8-446C-9CEC-56AB8BC4F7D1}.Release|ARM.Build.0 = Release|Any CPU
		{4D80F6FC-C9E8-446C-9CEC-56AB8BC4F7D1}.Release|x64.ActiveCfg = Release|Any CPU
		{4D80F6FC-C9E8-446C-9CEC-56AB8BC4F7D1}.Release|x64.Build.0 = Release|Any CPU
		{4D80F6FC-C9E8-446C-9CEC-56AB8BC4F7D1}.Release|x86.ActiveCfg = Release|Any CPU
		{4D80F6FC-C9E8-446C-9CEC-56AB8BC4F7D1}.Release|x86.Build.0 = Release|Any CPU
		{5ACFDF45-F079-4C7B-A916-ACDFD8D76A7E}.Debug|Any CPU.ActiveCfg = Debug|Any CPU
		{5ACFDF45-F079-4C7B-A916-ACDFD8D76A7E}.Debug|Any CPU.Build.0 = Debug|Any CPU
		{5ACFDF45-F079-4C7B-A916-ACDFD8D76A7E}.Debug|ARM.ActiveCfg = Debug|Any CPU
		{5ACFDF45-F079-4C7B-A916-ACDFD8D76A7E}.Debug|ARM.Build.0 = Debug|Any CPU
		{5ACFDF45-F079-4C7B-A916-ACDFD8D76A7E}.Debug|x64.ActiveCfg = Debug|Any CPU
		{5ACFDF45-F079-4C7B-A916-ACDFD8D76A7E}.Debug|x64.Build.0 = Debug|Any CPU
		{5ACFDF45-F079-4C7B-A916-ACDFD8D76A7E}.Debug|x86.ActiveCfg = Debug|Any CPU
		{5ACFDF45-F079-4C7B-A916-ACDFD8D76A7E}.Debug|x86.Build.0 = Debug|Any CPU
		{5ACFDF45-F079-4C7B-A916-ACDFD8D76A7E}.Release|Any CPU.ActiveCfg = Release|Any CPU
		{5ACFDF45-F079-4C7B-A916-ACDFD8D76A7E}.Release|Any CPU.Build.0 = Release|Any CPU
		{5ACFDF45-F079-4C7B-A916-ACDFD8D76A7E}.Release|ARM.ActiveCfg = Release|Any CPU
		{5ACFDF45-F079-4C7B-A916-ACDFD8D76A7E}.Release|ARM.Build.0 = Release|Any CPU
		{5ACFDF45-F079-4C7B-A916-ACDFD8D76A7E}.Release|x64.ActiveCfg = Release|Any CPU
		{5ACFDF45-F079-4C7B-A916-ACDFD8D76A7E}.Release|x64.Build.0 = Release|Any CPU
		{5ACFDF45-F079-4C7B-A916-ACDFD8D76A7E}.Release|x86.ActiveCfg = Release|Any CPU
		{5ACFDF45-F079-4C7B-A916-ACDFD8D76A7E}.Release|x86.Build.0 = Release|Any CPU
		{88E8DD09-FA59-4434-B6FD-0E81A3CE110D}.Debug|Any CPU.ActiveCfg = Debug|Any CPU
		{88E8DD09-FA59-4434-B6FD-0E81A3CE110D}.Debug|Any CPU.Build.0 = Debug|Any CPU
		{88E8DD09-FA59-4434-B6FD-0E81A3CE110D}.Debug|ARM.ActiveCfg = Debug|Any CPU
		{88E8DD09-FA59-4434-B6FD-0E81A3CE110D}.Debug|ARM.Build.0 = Debug|Any CPU
		{88E8DD09-FA59-4434-B6FD-0E81A3CE110D}.Debug|x64.ActiveCfg = Debug|Any CPU
		{88E8DD09-FA59-4434-B6FD-0E81A3CE110D}.Debug|x64.Build.0 = Debug|Any CPU
		{88E8DD09-FA59-4434-B6FD-0E81A3CE110D}.Debug|x86.ActiveCfg = Debug|Any CPU
		{88E8DD09-FA59-4434-B6FD-0E81A3CE110D}.Debug|x86.Build.0 = Debug|Any CPU
		{88E8DD09-FA59-4434-B6FD-0E81A3CE110D}.Release|Any CPU.ActiveCfg = Release|Any CPU
		{88E8DD09-FA59-4434-B6FD-0E81A3CE110D}.Release|Any CPU.Build.0 = Release|Any CPU
		{88E8DD09-FA59-4434-B6FD-0E81A3CE110D}.Release|ARM.ActiveCfg = Release|Any CPU
		{88E8DD09-FA59-4434-B6FD-0E81A3CE110D}.Release|ARM.Build.0 = Release|Any CPU
		{88E8DD09-FA59-4434-B6FD-0E81A3CE110D}.Release|x64.ActiveCfg = Release|Any CPU
		{88E8DD09-FA59-4434-B6FD-0E81A3CE110D}.Release|x64.Build.0 = Release|Any CPU
		{88E8DD09-FA59-4434-B6FD-0E81A3CE110D}.Release|x86.ActiveCfg = Release|Any CPU
		{88E8DD09-FA59-4434-B6FD-0E81A3CE110D}.Release|x86.Build.0 = Release|Any CPU
		{34F3BD7E-74BE-42C3-9B43-4803FD3F61E1}.Debug|Any CPU.ActiveCfg = Debug|Any CPU
		{34F3BD7E-74BE-42C3-9B43-4803FD3F61E1}.Debug|Any CPU.Build.0 = Debug|Any CPU
		{34F3BD7E-74BE-42C3-9B43-4803FD3F61E1}.Debug|ARM.ActiveCfg = Debug|Any CPU
		{34F3BD7E-74BE-42C3-9B43-4803FD3F61E1}.Debug|ARM.Build.0 = Debug|Any CPU
		{34F3BD7E-74BE-42C3-9B43-4803FD3F61E1}.Debug|x64.ActiveCfg = Debug|Any CPU
		{34F3BD7E-74BE-42C3-9B43-4803FD3F61E1}.Debug|x64.Build.0 = Debug|Any CPU
		{34F3BD7E-74BE-42C3-9B43-4803FD3F61E1}.Debug|x86.ActiveCfg = Debug|Any CPU
		{34F3BD7E-74BE-42C3-9B43-4803FD3F61E1}.Debug|x86.Build.0 = Debug|Any CPU
		{34F3BD7E-74BE-42C3-9B43-4803FD3F61E1}.Release|Any CPU.ActiveCfg = Release|Any CPU
		{34F3BD7E-74BE-42C3-9B43-4803FD3F61E1}.Release|Any CPU.Build.0 = Release|Any CPU
		{34F3BD7E-74BE-42C3-9B43-4803FD3F61E1}.Release|ARM.ActiveCfg = Release|Any CPU
		{34F3BD7E-74BE-42C3-9B43-4803FD3F61E1}.Release|ARM.Build.0 = Release|Any CPU
		{34F3BD7E-74BE-42C3-9B43-4803FD3F61E1}.Release|x64.ActiveCfg = Release|Any CPU
		{34F3BD7E-74BE-42C3-9B43-4803FD3F61E1}.Release|x64.Build.0 = Release|Any CPU
		{34F3BD7E-74BE-42C3-9B43-4803FD3F61E1}.Release|x86.ActiveCfg = Release|Any CPU
		{34F3BD7E-74BE-42C3-9B43-4803FD3F61E1}.Release|x86.Build.0 = Release|Any CPU
		{14BC1919-B4D8-4302-BA5D-5A9D39546E1D}.Debug|Any CPU.ActiveCfg = Debug|Any CPU
		{14BC1919-B4D8-4302-BA5D-5A9D39546E1D}.Debug|Any CPU.Build.0 = Debug|Any CPU
		{14BC1919-B4D8-4302-BA5D-5A9D39546E1D}.Debug|ARM.ActiveCfg = Debug|Any CPU
		{14BC1919-B4D8-4302-BA5D-5A9D39546E1D}.Debug|ARM.Build.0 = Debug|Any CPU
		{14BC1919-B4D8-4302-BA5D-5A9D39546E1D}.Debug|x64.ActiveCfg = Debug|Any CPU
		{14BC1919-B4D8-4302-BA5D-5A9D39546E1D}.Debug|x64.Build.0 = Debug|Any CPU
		{14BC1919-B4D8-4302-BA5D-5A9D39546E1D}.Debug|x86.ActiveCfg = Debug|Any CPU
		{14BC1919-B4D8-4302-BA5D-5A9D39546E1D}.Debug|x86.Build.0 = Debug|Any CPU
		{14BC1919-B4D8-4302-BA5D-5A9D39546E1D}.Release|Any CPU.ActiveCfg = Release|Any CPU
		{14BC1919-B4D8-4302-BA5D-5A9D39546E1D}.Release|Any CPU.Build.0 = Release|Any CPU
		{14BC1919-B4D8-4302-BA5D-5A9D39546E1D}.Release|ARM.ActiveCfg = Release|Any CPU
		{14BC1919-B4D8-4302-BA5D-5A9D39546E1D}.Release|ARM.Build.0 = Release|Any CPU
		{14BC1919-B4D8-4302-BA5D-5A9D39546E1D}.Release|x64.ActiveCfg = Release|Any CPU
		{14BC1919-B4D8-4302-BA5D-5A9D39546E1D}.Release|x64.Build.0 = Release|Any CPU
		{14BC1919-B4D8-4302-BA5D-5A9D39546E1D}.Release|x86.ActiveCfg = Release|Any CPU
		{14BC1919-B4D8-4302-BA5D-5A9D39546E1D}.Release|x86.Build.0 = Release|Any CPU
		{E787C07B-9D86-42D7-820A-A4D7BD41753F}.Debug|Any CPU.ActiveCfg = Debug|Any CPU
		{E787C07B-9D86-42D7-820A-A4D7BD41753F}.Debug|Any CPU.Build.0 = Debug|Any CPU
		{E787C07B-9D86-42D7-820A-A4D7BD41753F}.Debug|ARM.ActiveCfg = Debug|Any CPU
		{E787C07B-9D86-42D7-820A-A4D7BD41753F}.Debug|ARM.Build.0 = Debug|Any CPU
		{E787C07B-9D86-42D7-820A-A4D7BD41753F}.Debug|x64.ActiveCfg = Debug|Any CPU
		{E787C07B-9D86-42D7-820A-A4D7BD41753F}.Debug|x64.Build.0 = Debug|Any CPU
		{E787C07B-9D86-42D7-820A-A4D7BD41753F}.Debug|x86.ActiveCfg = Debug|Any CPU
		{E787C07B-9D86-42D7-820A-A4D7BD41753F}.Debug|x86.Build.0 = Debug|Any CPU
		{E787C07B-9D86-42D7-820A-A4D7BD41753F}.Release|Any CPU.ActiveCfg = Release|Any CPU
		{E787C07B-9D86-42D7-820A-A4D7BD41753F}.Release|Any CPU.Build.0 = Release|Any CPU
		{E787C07B-9D86-42D7-820A-A4D7BD41753F}.Release|ARM.ActiveCfg = Release|Any CPU
		{E787C07B-9D86-42D7-820A-A4D7BD41753F}.Release|ARM.Build.0 = Release|Any CPU
		{E787C07B-9D86-42D7-820A-A4D7BD41753F}.Release|x64.ActiveCfg = Release|Any CPU
		{E787C07B-9D86-42D7-820A-A4D7BD41753F}.Release|x64.Build.0 = Release|Any CPU
		{E787C07B-9D86-42D7-820A-A4D7BD41753F}.Release|x86.ActiveCfg = Release|Any CPU
		{E787C07B-9D86-42D7-820A-A4D7BD41753F}.Release|x86.Build.0 = Release|Any CPU
		{2437BF44-395C-42EF-A837-C9315262A55E}.Debug|Any CPU.ActiveCfg = Debug|Any CPU
		{2437BF44-395C-42EF-A837-C9315262A55E}.Debug|Any CPU.Build.0 = Debug|Any CPU
		{2437BF44-395C-42EF-A837-C9315262A55E}.Debug|ARM.ActiveCfg = Debug|Any CPU
		{2437BF44-395C-42EF-A837-C9315262A55E}.Debug|ARM.Build.0 = Debug|Any CPU
		{2437BF44-395C-42EF-A837-C9315262A55E}.Debug|x64.ActiveCfg = Debug|Any CPU
		{2437BF44-395C-42EF-A837-C9315262A55E}.Debug|x64.Build.0 = Debug|Any CPU
		{2437BF44-395C-42EF-A837-C9315262A55E}.Debug|x86.ActiveCfg = Debug|Any CPU
		{2437BF44-395C-42EF-A837-C9315262A55E}.Debug|x86.Build.0 = Debug|Any CPU
		{2437BF44-395C-42EF-A837-C9315262A55E}.Release|Any CPU.ActiveCfg = Release|Any CPU
		{2437BF44-395C-42EF-A837-C9315262A55E}.Release|Any CPU.Build.0 = Release|Any CPU
		{2437BF44-395C-42EF-A837-C9315262A55E}.Release|ARM.ActiveCfg = Release|Any CPU
		{2437BF44-395C-42EF-A837-C9315262A55E}.Release|ARM.Build.0 = Release|Any CPU
		{2437BF44-395C-42EF-A837-C9315262A55E}.Release|x64.ActiveCfg = Release|Any CPU
		{2437BF44-395C-42EF-A837-C9315262A55E}.Release|x64.Build.0 = Release|Any CPU
		{2437BF44-395C-42EF-A837-C9315262A55E}.Release|x86.ActiveCfg = Release|Any CPU
		{2437BF44-395C-42EF-A837-C9315262A55E}.Release|x86.Build.0 = Release|Any CPU
		{E1A23FA0-247E-44A7-8883-6ADA53AFC421}.Debug|Any CPU.ActiveCfg = Debug|Any CPU
		{E1A23FA0-247E-44A7-8883-6ADA53AFC421}.Debug|Any CPU.Build.0 = Debug|Any CPU
		{E1A23FA0-247E-44A7-8883-6ADA53AFC421}.Debug|ARM.ActiveCfg = Debug|Any CPU
		{E1A23FA0-247E-44A7-8883-6ADA53AFC421}.Debug|ARM.Build.0 = Debug|Any CPU
		{E1A23FA0-247E-44A7-8883-6ADA53AFC421}.Debug|x64.ActiveCfg = Debug|Any CPU
		{E1A23FA0-247E-44A7-8883-6ADA53AFC421}.Debug|x64.Build.0 = Debug|Any CPU
		{E1A23FA0-247E-44A7-8883-6ADA53AFC421}.Debug|x86.ActiveCfg = Debug|Any CPU
		{E1A23FA0-247E-44A7-8883-6ADA53AFC421}.Debug|x86.Build.0 = Debug|Any CPU
		{E1A23FA0-247E-44A7-8883-6ADA53AFC421}.Release|Any CPU.ActiveCfg = Release|Any CPU
		{E1A23FA0-247E-44A7-8883-6ADA53AFC421}.Release|Any CPU.Build.0 = Release|Any CPU
		{E1A23FA0-247E-44A7-8883-6ADA53AFC421}.Release|ARM.ActiveCfg = Release|Any CPU
		{E1A23FA0-247E-44A7-8883-6ADA53AFC421}.Release|ARM.Build.0 = Release|Any CPU
		{E1A23FA0-247E-44A7-8883-6ADA53AFC421}.Release|x64.ActiveCfg = Release|Any CPU
		{E1A23FA0-247E-44A7-8883-6ADA53AFC421}.Release|x64.Build.0 = Release|Any CPU
		{E1A23FA0-247E-44A7-8883-6ADA53AFC421}.Release|x86.ActiveCfg = Release|Any CPU
		{E1A23FA0-247E-44A7-8883-6ADA53AFC421}.Release|x86.Build.0 = Release|Any CPU
	EndGlobalSection
	GlobalSection(SolutionProperties) = preSolution
		HideSolutionNode = FALSE
	EndGlobalSection
	GlobalSection(NestedProjects) = preSolution
		{5ACFDF45-F079-4C7B-A916-ACDFD8D76A7E} = {EC60D329-2450-4EA7-BE0D-AC83405EA672}
		{34F3BD7E-74BE-42C3-9B43-4803FD3F61E1} = {EC60D329-2450-4EA7-BE0D-AC83405EA672}
		{14BC1919-B4D8-4302-BA5D-5A9D39546E1D} = {D8B13BC2-2375-45AA-9B7A-61DE73F0B519}
		{E787C07B-9D86-42D7-820A-A4D7BD41753F} = {09CCE174-49BD-4591-B5E9-D0BDD72465B2}
		{2437BF44-395C-42EF-A837-C9315262A55E} = {09CCE174-49BD-4591-B5E9-D0BDD72465B2}
		{09CCE174-49BD-4591-B5E9-D0BDD72465B2} = {EC60D329-2450-4EA7-BE0D-AC83405EA672}
	EndGlobalSection
	GlobalSection(ExtensibilityGlobals) = postSolution
		SolutionGuid = {85998E37-DF77-4744-8848-35C778CE084E}
	EndGlobalSection
EndGlobal
